<?xml version="1.0" encoding="utf-8"?>
<Project ToolsVersion="4.0" xmlns="http://schemas.microsoft.com/developer/msbuild/2003">
  <ItemGroup>
    <Filter Include="fpu">
      <UniqueIdentifier>{adab4322-6b0e-48f6-9c73-cdc59458ab8f}</UniqueIdentifier>
    </Filter>
    <Filter Include="hw">
      <UniqueIdentifier>{7eba51ec-ecb4-4454-95cf-1ce0904a1a5c}</UniqueIdentifier>
    </Filter>
    <Filter Include="target-arm">
      <UniqueIdentifier>{177be483-368d-4c4f-a443-f28d94296e33}</UniqueIdentifier>
    </Filter>
    <Filter Include="tcg">
      <UniqueIdentifier>{7245f661-eeb5-4086-a3d1-18051d1df2f8}</UniqueIdentifier>
    </Filter>
    <Filter Include="hw\arm">
      <UniqueIdentifier>{33ea3e70-c1b1-4f3d-b87d-a2fbdab3b963}</UniqueIdentifier>
    </Filter>
    <Filter Include="tcg\i386">
      <UniqueIdentifier>{ae963627-0d38-4a07-8538-e5ec9e1a3a64}</UniqueIdentifier>
    </Filter>
  </ItemGroup>
  <ItemGroup>
    <ClCompile Include="..\ext\unicorn\qemu\fpu\softfloat.c">
      <Filter>fpu</Filter>
    </ClCompile>
    <ClCompile Include="..\ext\unicorn\qemu\hw\arm\tosa.c">
      <Filter>hw\arm</Filter>
    </ClCompile>
    <ClCompile Include="..\ext\unicorn\qemu\hw\arm\virt.c">
      <Filter>hw\arm</Filter>
    </ClCompile>
    <ClCompile Include="..\ext\unicorn\qemu\tcg\i386\tcg-target.c">
      <Filter>tcg\i386</Filter>
    </ClCompile>
    <ClCompile Include="..\ext\unicorn\qemu\tcg\optimize.c">
      <Filter>tcg</Filter>
    </ClCompile>
    <ClCompile Include="..\ext\unicorn\qemu\tcg\tcg.c">
      <Filter>tcg</Filter>
    </ClCompile>
    <ClCompile Include="..\ext\unicorn\qemu\target-arm\cpu.c">
      <Filter>target-arm</Filter>
    </ClCompile>
    <ClCompile Include="..\ext\unicorn\qemu\target-arm\crypto_helper.c">
      <Filter>target-arm</Filter>
    </ClCompile>
    <ClCompile Include="..\ext\unicorn\qemu\target-arm\helper.c">
      <Filter>target-arm</Filter>
    </ClCompile>
    <ClCompile Include="..\ext\unicorn\qemu\target-arm\iwmmxt_helper.c">
      <Filter>target-arm</Filter>
    </ClCompile>
    <ClCompile Include="..\ext\unicorn\qemu\target-arm\neon_helper.c">
      <Filter>target-arm</Filter>
    </ClCompile>
    <ClCompile Include="..\ext\unicorn\qemu\target-arm\op_helper.c">
      <Filter>target-arm</Filter>
    </ClCompile>
    <ClCompile Include="..\ext\unicorn\qemu\target-arm\psci.c">
      <Filter>target-arm</Filter>
    </ClCompile>
    <ClCompile Include="..\ext\unicorn\qemu\target-arm\translate.c">
      <Filter>target-arm</Filter>
    </ClCompile>
    <ClCompile Include="..\ext\unicorn\qemu\target-arm\unicorn_arm.c">
      <Filter>target-arm</Filter>
    </ClCompile>
    <ClCompile Include="..\ext\unicorn\qemu\cpu-exec.c" />
    <ClCompile Include="..\ext\unicorn\qemu\cpus.c" />
    <ClCompile Include="..\ext\unicorn\qemu\cputlb.c" />
    <ClCompile Include="..\ext\unicorn\qemu\exec.c" />
    <ClCompile Include="..\ext\unicorn\qemu\ioport.c" />
    <ClCompile Include="..\ext\unicorn\qemu\memory.c" />
    <ClCompile Include="..\ext\unicorn\qemu\memory_mapping.c" />
    <ClCompile Include="..\ext\unicorn\qemu\translate-all.c" />
  </ItemGroup>
  <ItemGroup>
    <ClInclude Include="..\ext\unicorn\qemu\fpu\softfloat-macros.h">
      <Filter>fpu</Filter>
    </ClInclude>
    <ClInclude Include="..\ext\unicorn\qemu\fpu\softfloat-specialize.h">
      <Filter>fpu</Filter>
    </ClInclude>
    <ClInclude Include="..\ext\unicorn\qemu\tcg\i386\tcg-target.h">
      <Filter>tcg\i386</Filter>
    </ClInclude>
    <ClInclude Include="..\ext\unicorn\qemu\tcg\tcg.h">
      <Filter>tcg</Filter>
    </ClInclude>
    <ClInclude Include="..\ext\unicorn\qemu\tcg\tcg-be-ldst.h">
      <Filter>tcg</Filter>
    </ClInclude>
    <ClInclude Include="..\ext\unicorn\qemu\tcg\tcg-be-null.h">
      <Filter>tcg</Filter>
    </ClInclude>
    <ClInclude Include="..\ext\unicorn\qemu\tcg\tcg-op.h">
      <Filter>tcg</Filter>
    </ClInclude>
    <ClInclude Include="..\ext\unicorn\qemu\tcg\tcg-opc.h">
      <Filter>tcg</Filter>
    </ClInclude>
    <ClInclude Include="..\ext\unicorn\qemu\tcg\tcg-runtime.h">
      <Filter>tcg</Filter>
    </ClInclude>
    <ClInclude Include="..\ext\unicorn\qemu\target-arm\arm_ldst.h">
      <Filter>target-arm</Filter>
    </ClInclude>
    <ClInclude Include="..\ext\unicorn\qemu\target-arm\cpu.h">
      <Filter>target-arm</Filter>
    </ClInclude>
    <ClInclude Include="..\ext\unicorn\qemu\target-arm\cpu-qom.h">
      <Filter>target-arm</Filter>
    </ClInclude>
    <ClInclude Include="..\ext\unicorn\qemu\target-arm\helper.h">
      <Filter>target-arm</Filter>
    </ClInclude>
    <ClInclude Include="..\ext\unicorn\qemu\target-arm\internals.h">
      <Filter>target-arm</Filter>
    </ClInclude>
    <ClInclude Include="..\ext\unicorn\qemu\target-arm\kvm-consts.h">
      <Filter>target-arm</Filter>
    </ClInclude>
    <ClInclude Include="..\ext\unicorn\qemu\target-arm\op_addsub.h">
      <Filter>target-arm</Filter>
    </ClInclude>
    <ClInclude Include="..\ext\unicorn\qemu\target-arm\translate.h">
      <Filter>target-arm</Filter>
    </ClInclude>
    <ClInclude Include="..\ext\unicorn\qemu\target-arm\unicorn.h">
      <Filter>target-arm</Filter>
    </ClInclude>
    <ClInclude Include="..\ext\unicorn\msvc\unicorn\arm-softmmu\config-target.h" />
    <ClInclude Include="..\ext\unicorn\msvc\unicorn\config-host.h" />
    <ClInclude Include="..\ext\unicorn\qemu\arm.h" />
  </ItemGroup>
</Project>