<?xml version="1.0" encoding="utf-8"?>
<Project ToolsVersion="4.0" xmlns="http://schemas.microsoft.com/developer/msbuild/2003">
  <ItemGroup>
    <Filter Include="Source Files">
      <UniqueIdentifier>{4FC737F1-C7A5-4376-A066-2A32D752A2FF}</UniqueIdentifier>
      <Extensions>cpp;c;cc;cxx;def;odl;idl;hpj;bat;asm;asmx</Extensions>
    </Filter>
    <Filter Include="Header Files">
      <UniqueIdentifier>{93995380-89BD-4b04-88EB-625FBE52EBFB}</UniqueIdentifier>
      <Extensions>h;hh;hpp;hxx;hm;inl;inc;ipp;xsd</Extensions>
    </Filter>
    <Filter Include="Header Files\emu">
      <UniqueIdentifier>{59f35728-86ea-4b9b-9576-e2292b84e8c9}</UniqueIdentifier>
    </Filter>
    <Filter Include="Source Files\emu">
      <UniqueIdentifier>{7eb81ea1-7a16-49fc-9b5f-d3c771a8b0df}</UniqueIdentifier>
    </Filter>
    <Filter Include="Header Files\assembler">
      <UniqueIdentifier>{063235a0-8a05-45a3-8ff0-87cc2c4717c0}</UniqueIdentifier>
    </Filter>
    <Filter Include="Source Files\assembler">
      <UniqueIdentifier>{6ac6ccaf-935a-4da3-a3f8-a443dd89f703}</UniqueIdentifier>
    </Filter>
    <Filter Include="Header Files\exercises">
      <UniqueIdentifier>{f4da41d0-3f2e-422b-96b0-15bb9139724e}</UniqueIdentifier>
    </Filter>
    <Filter Include="Source Files\exercises">
      <UniqueIdentifier>{f14485b5-2f9a-4170-bb6c-57c97c85f02a}</UniqueIdentifier>
    </Filter>
  </ItemGroup>
  <ItemGroup>
    <ClInclude Include="pch.h">
      <Filter>Header Files</Filter>
    </ClInclude>
    <ClInclude Include="emu.h">
      <Filter>Header Files</Filter>
    </ClInclude>
    <ClInclude Include="assembler.h">
      <Filter>Header Files</Filter>
    </ClInclude>
    <ClInclude Include="aarch64emu.h">
      <Filter>Header Files\emu</Filter>
    </ClInclude>
    <ClInclude Include="aarch32emu.h">
      <Filter>Header Files\emu</Filter>
    </ClInclude>
    <ClInclude Include="aarch64asm.h">
      <Filter>Header Files\assembler</Filter>
    </ClInclude>
    <ClInclude Include="aarch32asm.h">
      <Filter>Header Files\assembler</Filter>
    </ClInclude>
    <ClInclude Include="x86asm.h">
      <Filter>Header Files\assembler</Filter>
    </ClInclude>
    <ClInclude Include="x64asm.h">
      <Filter>Header Files\assembler</Filter>
    </ClInclude>
    <ClInclude Include="x86emu.h">
      <Filter>Header Files\emu</Filter>
    </ClInclude>
    <ClInclude Include="x64emu.h">
      <Filter>Header Files\emu</Filter>
    </ClInclude>
    <ClInclude Include="allocator.h">
      <Filter>Header Files\emu</Filter>
    </ClInclude>
    <ClInclude Include="syscall.h">
      <Filter>Header Files\emu</Filter>
    </ClInclude>
    <ClInclude Include="util.h">
      <Filter>Header Files\emu</Filter>
    </ClInclude>
    <ClInclude Include="math_exercises.h">
      <Filter>Header Files\exercises</Filter>
    </ClInclude>
    <ClInclude Include="exercise.h">
      <Filter>Header Files\exercises</Filter>
    </ClInclude>
  </ItemGroup>
  <ItemGroup>
    <ClCompile Include="pch.cpp">
      <Filter>Source Files</Filter>
    </ClCompile>
    <ClCompile Include="asm-trainer.cpp">
      <Filter>Source Files</Filter>
    </ClCompile>
    <ClCompile Include="aarch64emu.cpp">
      <Filter>Source Files\emu</Filter>
    </ClCompile>
    <ClCompile Include="aarch32emu.cpp">
      <Filter>Source Files\emu</Filter>
    </ClCompile>
    <ClCompile Include="aarch64asm.cpp">
      <Filter>Source Files\assembler</Filter>
    </ClCompile>
    <ClCompile Include="aarch32asm.cpp">
      <Filter>Source Files\assembler</Filter>
    </ClCompile>
    <ClCompile Include="x86asm.cpp">
      <Filter>Source Files\assembler</Filter>
    </ClCompile>
    <ClCompile Include="x64asm.cpp">
      <Filter>Source Files\assembler</Filter>
    </ClCompile>
    <ClCompile Include="x86emu.cpp">
      <Filter>Source Files\emu</Filter>
    </ClCompile>
    <ClCompile Include="x64emu.cpp">
      <Filter>Source Files\emu</Filter>
    </ClCompile>
    <ClCompile Include="allocator.cpp">
      <Filter>Source Files\emu</Filter>
    </ClCompile>
    <ClCompile Include="syscall.cpp">
      <Filter>Source Files\emu</Filter>
    </ClCompile>
    <ClCompile Include="math_exercises.cpp">
      <Filter>Source Files\exercises</Filter>
    </ClCompile>
  </ItemGroup>
</Project>